
Microsoft Visual Studio Solution File, Format Version 12.00
# Visual Studio Version 17
VisualStudioVersion = 17.6.33801.468
MinimumVisualStudioVersion = 10.0.40219.1
Project("{9A19103F-16F7-4668-BE54-9A1E7A4F7556}") = "ChatgptFunctionCallDemo", "ChatgptFunctionCallDemo\ChatgptFunctionCallDemo.csproj", "{EE0DE08A-4A55-465B-8B0E-30B443B0BC54}"
EndProject
Project("{FAE04EC0-301F-11D3-BF4B-00C04F79EFBC}") = "ChatGptFunctionCallProcessor", "ChatGptFunctionCallProcessor\ChatGptFunctionCallProcessor.csproj", "{DDD679D9-7E3D-41CC-8087-D947F19F6960}"
EndProject
Global
	GlobalSection(SolutionConfigurationPlatforms) = preSolution
		Debug|Any CPU = Debug|Any CPU
		Release|Any CPU = Release|Any CPU
	EndGlobalSection
	GlobalSection(ProjectConfigurationPlatforms) = postSolution
		{EE0DE08A-4A55-465B-8B0E-30B443B0BC54}.Debug|Any CPU.ActiveCfg = Debug|Any CPU
		{EE0DE08A-4A55-465B-8B0E-30B443B0BC54}.Debug|Any CPU.Build.0 = Debug|Any CPU
		{EE0DE08A-4A55-465B-8B0E-30B443B0BC54}.Release|Any CPU.ActiveCfg = Release|Any CPU
		{EE0DE08A-4A55-465B-8B0E-30B443B0BC54}.Release|Any CPU.Build.0 = Release|Any CPU
		{DDD679D9-7E3D-41CC-8087-D947F19F6960}.Debug|Any CPU.ActiveCfg = Debug|Any CPU
		{DDD679D9-7E3D-41CC-8087-D947F19F6960}.Debug|Any CPU.Build.0 = Debug|Any CPU
		{DDD679D9-7E3D-41CC-8087-D947F19F6960}.Release|Any CPU.ActiveCfg = Release|Any CPU
		{DDD679D9-7E3D-41CC-8087-D947F19F6960}.Release|Any CPU.Build.0 = Release|Any CPU
	EndGlobalSection
	GlobalSection(SolutionProperties) = preSolution
		HideSolutionNode = FALSE
	EndGlobalSection
	GlobalSection(ExtensibilityGlobals) = postSolution
		SolutionGuid = {3821A5C7-6E61-424C-8DC1-638B7545AFBF}
	EndGlobalSection
EndGlobal
